
Microsoft Visual Studio Solution File, Format Version 12.00
Project("{FAE04EC0-301F-11D3-BF4B-00C04F79EFBC}") = "SelectionSort", "SelectionSort.csproj", "{68C51155-0809-45CA-B8A5-CC84DBD7CBBC}"
EndProject
Global
	GlobalSection(SolutionConfigurationPlatforms) = preSolution
		Debug|Any CPU = Debug|Any CPU
		Release|Any CPU = Release|Any CPU
	EndGlobalSection
	GlobalSection(ProjectConfigurationPlatforms) = postSolution
		{68C51155-0809-45CA-B8A5-CC84DBD7CBBC}.Debug|Any CPU.ActiveCfg = Debug|Any CPU
		{68C51155-0809-45CA-B8A5-CC84DBD7CBBC}.Debug|Any CPU.Build.0 = Debug|Any CPU
		{68C51155-0809-45CA-B8A5-CC84DBD7CBBC}.Release|Any CPU.ActiveCfg = Release|Any CPU
		{68C51155-0809-45CA-B8A5-CC84DBD7CBBC}.Release|Any CPU.Build.0 = Release|Any CPU
	EndGlobalSection
EndGlobal
