
Microsoft Visual Studio Solution File, Format Version 12.00
Project("{FAE04EC0-301F-11D3-BF4B-00C04F79EFBC}") = "Aula7_ECA", "Aula7_ECA.csproj", "{E713E321-3849-4591-82F0-EF5B0A057B97}"
EndProject
Global
	GlobalSection(SolutionConfigurationPlatforms) = preSolution
		Debug|Any CPU = Debug|Any CPU
		Release|Any CPU = Release|Any CPU
	EndGlobalSection
	GlobalSection(ProjectConfigurationPlatforms) = postSolution
		{E713E321-3849-4591-82F0-EF5B0A057B97}.Debug|Any CPU.ActiveCfg = Debug|Any CPU
		{E713E321-3849-4591-82F0-EF5B0A057B97}.Debug|Any CPU.Build.0 = Debug|Any CPU
		{E713E321-3849-4591-82F0-EF5B0A057B97}.Release|Any CPU.ActiveCfg = Release|Any CPU
		{E713E321-3849-4591-82F0-EF5B0A057B97}.Release|Any CPU.Build.0 = Release|Any CPU
	EndGlobalSection
EndGlobal
